
Microsoft Visual Studio Solution File, Format Version 12.00
# Visual Studio Version 17
VisualStudioVersion = 17.4.33213.308
MinimumVisualStudioVersion = 10.0.40219.1
Project("{FAE04EC0-301F-11D3-BF4B-00C04F79EFBC}") = "RepositoryPatternWithUOW.Api", "RepositoryPatternWithUOW.Api\RepositoryPatternWithUOW.Api.csproj", "{FBA6321F-EBB6-40FC-82FD-9CC96767923E}"
EndProject
Project("{FAE04EC0-301F-11D3-BF4B-00C04F79EFBC}") = "RepositroyPatternWithUOW.Core", "RepositroyPatternWithUOW.Core\RepositroyPatternWithUOW.Core.csproj", "{211746C7-A915-4B58-8DFA-153B09B20A4D}"
EndProject
Project("{FAE04EC0-301F-11D3-BF4B-00C04F79EFBC}") = "RepositroyPatternWithUOW.EF", "RepositroyPatternWithUOW.EF\RepositroyPatternWithUOW.EF.csproj", "{59A1161E-B990-40FF-BB5C-29BB138513DC}"
EndProject
Global
	GlobalSection(SolutionConfigurationPlatforms) = preSolution
		Debug|Any CPU = Debug|Any CPU
		Release|Any CPU = Release|Any CPU
	EndGlobalSection
	GlobalSection(ProjectConfigurationPlatforms) = postSolution
		{FBA6321F-EBB6-40FC-82FD-9CC96767923E}.Debug|Any CPU.ActiveCfg = Debug|Any CPU
		{FBA6321F-EBB6-40FC-82FD-9CC96767923E}.Debug|Any CPU.Build.0 = Debug|Any CPU
		{FBA6321F-EBB6-40FC-82FD-9CC96767923E}.Release|Any CPU.ActiveCfg = Release|Any CPU
		{FBA6321F-EBB6-40FC-82FD-9CC96767923E}.Release|Any CPU.Build.0 = Release|Any CPU
		{211746C7-A915-4B58-8DFA-153B09B20A4D}.Debug|Any CPU.ActiveCfg = Debug|Any CPU
		{211746C7-A915-4B58-8DFA-153B09B20A4D}.Debug|Any CPU.Build.0 = Debug|Any CPU
		{211746C7-A915-4B58-8DFA-153B09B20A4D}.Release|Any CPU.ActiveCfg = Release|Any CPU
		{211746C7-A915-4B58-8DFA-153B09B20A4D}.Release|Any CPU.Build.0 = Release|Any CPU
		{59A1161E-B990-40FF-BB5C-29BB138513DC}.Debug|Any CPU.ActiveCfg = Debug|Any CPU
		{59A1161E-B990-40FF-BB5C-29BB138513DC}.Debug|Any CPU.Build.0 = Debug|Any CPU
		{59A1161E-B990-40FF-BB5C-29BB138513DC}.Release|Any CPU.ActiveCfg = Release|Any CPU
		{59A1161E-B990-40FF-BB5C-29BB138513DC}.Release|Any CPU.Build.0 = Release|Any CPU
	EndGlobalSection
	GlobalSection(SolutionProperties) = preSolution
		HideSolutionNode = FALSE
	EndGlobalSection
	GlobalSection(ExtensibilityGlobals) = postSolution
		SolutionGuid = {452B67E7-9C30-44AC-A46E-D6BD166D5AB4}
	EndGlobalSection
EndGlobal
